// !$*UTF8*$!
{
	archiveVersion = 1;
	classes = {};
	objectVersion = 56;
	objects = {

/* Begin PBXBuildFile section */
		A10000000000000000000101 /* LocalLosslessPlayerApp.swift in Sources */ = {isa = PBXBuildFile; fileRef = A10000000000000000000001; };
		A10000000000000000000102 /* PersistenceController.swift in Sources */ = {isa = PBXBuildFile; fileRef = A10000000000000000000002; };
		A10000000000000000000103 /* StorageConfiguration.swift in Sources */ = {isa = PBXBuildFile; fileRef = A10000000000000000000003; };
		A10000000000000000000104 /* FileImporterService.swift in Sources */ = {isa = PBXBuildFile; fileRef = A10000000000000000000004; };
		A10000000000000000000105 /* AudioPlayerService.swift in Sources */ = {isa = PBXBuildFile; fileRef = A10000000000000000000005; };
		A10000000000000000000106 /* LibraryViewModel.swift in Sources */ = {isa = PBXBuildFile; fileRef = A10000000000000000000006; };
		A10000000000000000000107 /* PlayerViewModel.swift in Sources */ = {isa = PBXBuildFile; fileRef = A10000000000000000000007; };
		A10000000000000000000108 /* ContentView.swift in Sources */ = {isa = PBXBuildFile; fileRef = A10000000000000000000008; };
		A10000000000000000000111 /* AppSettings.swift in Sources */ = {isa = PBXBuildFile; fileRef = A10000000000000000000014; };
		A10000000000000000000112 /* UITheme.swift in Sources */ = {isa = PBXBuildFile; fileRef = A10000000000000000000015; };
		A10000000000000000000113 /* AdditionalViews.swift in Sources */ = {isa = PBXBuildFile; fileRef = A10000000000000000000016; };
		A10000000000000000000114 /* MetadataMatcher.swift in Sources */ = {isa = PBXBuildFile; fileRef = A10000000000000000000017; };
		A10000000000000000000115 /* FLACMetadataReader.swift in Sources */ = {isa = PBXBuildFile; fileRef = A10000000000000000000018; };
		A10000000000000000000116 /* LocalMetadataService.swift in Sources */ = {isa = PBXBuildFile; fileRef = A10000000000000000000019; };
		A10000000000000000000117 /* SourceReference.swift in Sources */ = {isa = PBXBuildFile; fileRef = A10000000000000000000020; };
		A10000000000000000000109 /* StorageConfigurationTests.swift in Sources */ = {isa = PBXBuildFile; fileRef = A10000000000000000000009; };
/* End PBXBuildFile section */

/* Begin PBXContainerItemProxy section */
		A10000000000000000000201 = {isa = PBXContainerItemProxy; containerPortal = A10000000000000000000401; proxyType = 1; remoteGlobalIDString = A10000000000000000000301; remoteInfo = LocalLosslessPlayer; };
/* End PBXContainerItemProxy section */

/* Begin PBXFileReference section */
		A10000000000000000000001 = {isa = PBXFileReference; lastKnownFileType = sourcecode.swift; path = LocalLosslessPlayerApp.swift; sourceTree = "<group>"; };
		A10000000000000000000002 = {isa = PBXFileReference; lastKnownFileType = sourcecode.swift; path = PersistenceController.swift; sourceTree = "<group>"; };
		A10000000000000000000003 = {isa = PBXFileReference; lastKnownFileType = sourcecode.swift; path = StorageConfiguration.swift; sourceTree = "<group>"; };
		A10000000000000000000004 = {isa = PBXFileReference; lastKnownFileType = sourcecode.swift; path = FileImporterService.swift; sourceTree = "<group>"; };
		A10000000000000000000005 = {isa = PBXFileReference; lastKnownFileType = sourcecode.swift; path = AudioPlayerService.swift; sourceTree = "<group>"; };
		A10000000000000000000006 = {isa = PBXFileReference; lastKnownFileType = sourcecode.swift; path = LibraryViewModel.swift; sourceTree = "<group>"; };
		A10000000000000000000007 = {isa = PBXFileReference; lastKnownFileType = sourcecode.swift; path = PlayerViewModel.swift; sourceTree = "<group>"; };
		A10000000000000000000008 = {isa = PBXFileReference; lastKnownFileType = sourcecode.swift; path = ContentView.swift; sourceTree = "<group>"; };
		A10000000000000000000009 = {isa = PBXFileReference; lastKnownFileType = sourcecode.swift; path = StorageConfigurationTests.swift; sourceTree = "<group>"; };
		A10000000000000000000010 = {isa = PBXFileReference; lastKnownFileType = text.plist.xml; path = Info.plist; sourceTree = "<group>"; };
		A10000000000000000000011 = {isa = PBXFileReference; explicitFileType = wrapper.application; includeInIndex = 0; path = LocalLosslessPlayer.app; sourceTree = BUILT_PRODUCTS_DIR; };
		A10000000000000000000012 = {isa = PBXFileReference; explicitFileType = wrapper.cfbundle; includeInIndex = 0; path = LocalLosslessPlayerTests.xctest; sourceTree = BUILT_PRODUCTS_DIR; };
		A10000000000000000000014 = {isa = PBXFileReference; lastKnownFileType = sourcecode.swift; path = AppSettings.swift; sourceTree = "<group>"; };
		A10000000000000000000015 = {isa = PBXFileReference; lastKnownFileType = sourcecode.swift; path = UITheme.swift; sourceTree = "<group>"; };
		A10000000000000000000016 = {isa = PBXFileReference; lastKnownFileType = sourcecode.swift; path = AdditionalViews.swift; sourceTree = "<group>"; };
		A10000000000000000000017 = {isa = PBXFileReference; lastKnownFileType = sourcecode.swift; path = MetadataMatcher.swift; sourceTree = "<group>"; };
		A10000000000000000000018 = {isa = PBXFileReference; lastKnownFileType = sourcecode.swift; path = FLACMetadataReader.swift; sourceTree = "<group>"; };
		A10000000000000000000019 = {isa = PBXFileReference; lastKnownFileType = sourcecode.swift; path = LocalMetadataService.swift; sourceTree = "<group>"; };
		A10000000000000000000020 = {isa = PBXFileReference; lastKnownFileType = sourcecode.swift; path = SourceReference.swift; sourceTree = "<group>"; };
/* End PBXFileReference section */

/* Begin PBXFrameworksBuildPhase section */
		A10000000000000000000501 = {isa = PBXFrameworksBuildPhase; buildActionMask = 2147483647; files = (); runOnlyForDeploymentPostprocessing = 0; };
		A10000000000000000000502 = {isa = PBXFrameworksBuildPhase; buildActionMask = 2147483647; files = (); runOnlyForDeploymentPostprocessing = 0; };
/* End PBXFrameworksBuildPhase section */

/* Begin PBXGroup section */
		A10000000000000000000601 = {isa = PBXGroup; children = (A10000000000000000000602, A10000000000000000000603, A10000000000000000000604); sourceTree = "<group>"; };
		A10000000000000000000602 = {isa = PBXGroup; children = (A10000000000000000000001, A10000000000000000000002, A10000000000000000000003, A10000000000000000000004, A10000000000000000000005, A10000000000000000000006, A10000000000000000000007, A10000000000000000000008, A10000000000000000000010, A10000000000000000000014, A10000000000000000000015, A10000000000000000000016, A10000000000000000000017, A10000000000000000000018, A10000000000000000000019, A10000000000000000000020); path = LocalLosslessPlayer; sourceTree = "<group>"; };
		A10000000000000000000603 = {isa = PBXGroup; children = (A10000000000000000000009); path = Tests; sourceTree = "<group>"; };
		A10000000000000000000604 = {isa = PBXGroup; children = (A10000000000000000000011, A10000000000000000000012); name = Products; sourceTree = "<group>"; };
/* End PBXGroup section */

/* Begin PBXNativeTarget section */
		A10000000000000000000301 = {isa = PBXNativeTarget; buildConfigurationList = A10000000000000000000701; buildPhases = (A10000000000000000000801, A10000000000000000000501, A10000000000000000000803); buildRules = (); dependencies = (); name = LocalLosslessPlayer; productName = LocalLosslessPlayer; productReference = A10000000000000000000011; productType = "com.apple.product-type.application"; };
		A10000000000000000000302 = {isa = PBXNativeTarget; buildConfigurationList = A10000000000000000000702; buildPhases = (A10000000000000000000802, A10000000000000000000502, A10000000000000000000804); buildRules = (); dependencies = (A10000000000000000000901); name = LocalLosslessPlayerTests; productName = LocalLosslessPlayerTests; productReference = A10000000000000000000012; productType = "com.apple.product-type.bundle.unit-test"; };
/* End PBXNativeTarget section */

/* Begin PBXProject section */
		A10000000000000000000401 = {isa = PBXProject; attributes = {BuildIndependentTargetsInParallel = 1; LastSwiftUpdateCheck = 1600; LastUpgradeCheck = 1600; TargetAttributes = {A10000000000000000000301 = {CreatedOnToolsVersion = 16.0; }; A10000000000000000000302 = {CreatedOnToolsVersion = 16.0; TestTargetID = A10000000000000000000301; }; }; }; buildConfigurationList = A10000000000000000000703; compatibilityVersion = "Xcode 14.0"; developmentRegion = en; knownRegions = (en, Base); mainGroup = A10000000000000000000601; productRefGroup = A10000000000000000000604; projectDirPath = ""; projectRoot = ""; targets = (A10000000000000000000301, A10000000000000000000302); };
/* End PBXProject section */

/* Begin PBXResourcesBuildPhase section */
		A10000000000000000000803 = {isa = PBXResourcesBuildPhase; buildActionMask = 2147483647; files = (); runOnlyForDeploymentPostprocessing = 0; };
		A10000000000000000000804 = {isa = PBXResourcesBuildPhase; buildActionMask = 2147483647; files = (); runOnlyForDeploymentPostprocessing = 0; };
/* End PBXResourcesBuildPhase section */

/* Begin PBXSourcesBuildPhase section */
		A10000000000000000000801 = {isa = PBXSourcesBuildPhase; buildActionMask = 2147483647; files = (A10000000000000000000101, A10000000000000000000102, A10000000000000000000103, A10000000000000000000104, A10000000000000000000105, A10000000000000000000106, A10000000000000000000107, A10000000000000000000108, A10000000000000000000111, A10000000000000000000112, A10000000000000000000113, A10000000000000000000114, A10000000000000000000115, A10000000000000000000116, A10000000000000000000117); runOnlyForDeploymentPostprocessing = 0; };
		A10000000000000000000802 = {isa = PBXSourcesBuildPhase; buildActionMask = 2147483647; files = (A10000000000000000000109); runOnlyForDeploymentPostprocessing = 0; };
/* End PBXSourcesBuildPhase section */

/* Begin PBXTargetDependency section */
		A10000000000000000000901 = {isa = PBXTargetDependency; target = A10000000000000000000301; targetProxy = A10000000000000000000201; };
/* End PBXTargetDependency section */

/* Begin XCBuildConfiguration section */
		A10000000000000000000A01 = {isa = XCBuildConfiguration; buildSettings = {ALWAYS_SEARCH_USER_PATHS = NO; CLANG_ENABLE_MODULES = YES; IPHONEOS_DEPLOYMENT_TARGET = 16.0; SDKROOT = iphoneos; SWIFT_VERSION = 5.7; }; name = Debug; };
		A10000000000000000000A02 = {isa = XCBuildConfiguration; buildSettings = {ALWAYS_SEARCH_USER_PATHS = NO; CLANG_ENABLE_MODULES = YES; IPHONEOS_DEPLOYMENT_TARGET = 16.0; SDKROOT = iphoneos; SWIFT_COMPILATION_MODE = wholemodule; SWIFT_VERSION = 5.7; VALIDATE_PRODUCT = YES; }; name = Release; };
		A10000000000000000000A03 = {isa = XCBuildConfiguration; buildSettings = {CODE_SIGN_STYLE = Automatic; CURRENT_PROJECT_VERSION = 1; GENERATE_INFOPLIST_FILE = NO; INFOPLIST_FILE = LocalLosslessPlayer/Info.plist; IPHONEOS_DEPLOYMENT_TARGET = 16.0; MARKETING_VERSION = 1.0; PRODUCT_BUNDLE_IDENTIFIER = com.localplayer.LocalLosslessPlayer; PRODUCT_NAME = "$(TARGET_NAME)"; SUPPORTS_MACCATALYST = NO; SWIFT_EMIT_LOC_STRINGS = YES; SWIFT_VERSION = 5.7; TARGETED_DEVICE_FAMILY = 1; }; name = Debug; };
		A10000000000000000000A04 = {isa = XCBuildConfiguration; buildSettings = {CODE_SIGN_STYLE = Automatic; CURRENT_PROJECT_VERSION = 1; GENERATE_INFOPLIST_FILE = NO; INFOPLIST_FILE = LocalLosslessPlayer/Info.plist; IPHONEOS_DEPLOYMENT_TARGET = 16.0; MARKETING_VERSION = 1.0; PRODUCT_BUNDLE_IDENTIFIER = com.localplayer.LocalLosslessPlayer; PRODUCT_NAME = "$(TARGET_NAME)"; SUPPORTS_MACCATALYST = NO; SWIFT_EMIT_LOC_STRINGS = YES; SWIFT_VERSION = 5.7; TARGETED_DEVICE_FAMILY = 1; }; name = Release; };
		A10000000000000000000A05 = {isa = XCBuildConfiguration; buildSettings = {BUNDLE_LOADER = "$(TEST_HOST)"; CODE_SIGN_STYLE = Automatic; GENERATE_INFOPLIST_FILE = YES; IPHONEOS_DEPLOYMENT_TARGET = 16.0; PRODUCT_BUNDLE_IDENTIFIER = com.localplayer.LocalLosslessPlayerTests; PRODUCT_NAME = "$(TARGET_NAME)"; SWIFT_VERSION = 5.7; TARGETED_DEVICE_FAMILY = 1; TEST_HOST = "$(BUILT_PRODUCTS_DIR)/LocalLosslessPlayer.app/LocalLosslessPlayer"; }; name = Debug; };
		A10000000000000000000A06 = {isa = XCBuildConfiguration; buildSettings = {BUNDLE_LOADER = "$(TEST_HOST)"; CODE_SIGN_STYLE = Automatic; GENERATE_INFOPLIST_FILE = YES; IPHONEOS_DEPLOYMENT_TARGET = 16.0; PRODUCT_BUNDLE_IDENTIFIER = com.localplayer.LocalLosslessPlayerTests; PRODUCT_NAME = "$(TARGET_NAME)"; SWIFT_VERSION = 5.7; TARGETED_DEVICE_FAMILY = 1; TEST_HOST = "$(BUILT_PRODUCTS_DIR)/LocalLosslessPlayer.app/LocalLosslessPlayer"; }; name = Release; };
/* End XCBuildConfiguration section */

/* Begin XCConfigurationList section */
		A10000000000000000000701 = {isa = XCConfigurationList; buildConfigurations = (A10000000000000000000A03, A10000000000000000000A04); defaultConfigurationIsVisible = 0; defaultConfigurationName = Release; };
		A10000000000000000000702 = {isa = XCConfigurationList; buildConfigurations = (A10000000000000000000A05, A10000000000000000000A06); defaultConfigurationIsVisible = 0; defaultConfigurationName = Release; };
		A10000000000000000000703 = {isa = XCConfigurationList; buildConfigurations = (A10000000000000000000A01, A10000000000000000000A02); defaultConfigurationIsVisible = 0; defaultConfigurationName = Release; };
/* End XCConfigurationList section */
	};
	rootObject = A10000000000000000000401;
}
